
Microsoft Visual Studio Solution File, Format Version 12.00
# Visual Studio Version 17
VisualStudioVersion = 17.14.36025.13 d17.14
MinimumVisualStudioVersion = 10.0.40219.1
Project("{FAE04EC0-301F-11D3-BF4B-00C04F79EFBC}") = "attack_management_software", "attack_management_software\attack_management_software.csproj", "{2AB65630-EDA7-4B3C-B3F6-E7ADB06DF37C}"
EndProject
Global
	GlobalSection(SolutionConfigurationPlatforms) = preSolution
		Debug|Any CPU = Debug|Any CPU
		Release|Any CPU = Release|Any CPU
	EndGlobalSection
	GlobalSection(ProjectConfigurationPlatforms) = postSolution
		{2AB65630-EDA7-4B3C-B3F6-E7ADB06DF37C}.Debug|Any CPU.ActiveCfg = Debug|Any CPU
		{2AB65630-EDA7-4B3C-B3F6-E7ADB06DF37C}.Debug|Any CPU.Build.0 = Debug|Any CPU
		{2AB65630-EDA7-4B3C-B3F6-E7ADB06DF37C}.Release|Any CPU.ActiveCfg = Release|Any CPU
		{2AB65630-EDA7-4B3C-B3F6-E7ADB06DF37C}.Release|Any CPU.Build.0 = Release|Any CPU
	EndGlobalSection
	GlobalSection(SolutionProperties) = preSolution
		HideSolutionNode = FALSE
	EndGlobalSection
	GlobalSection(ExtensibilityGlobals) = postSolution
		SolutionGuid = {87C45C4D-16E5-48F2-A8B1-7A02740E0C74}
	EndGlobalSection
EndGlobal
